
Microsoft Visual Studio Solution File, Format Version 12.00
Project("{FAE04EC0-301F-11D3-BF4B-00C04F79EFBC}") = "Coding.RateLimiter", "Coding.RateLimiter\Coding.RateLimiter.csproj", "{FF500091-4205-40BA-A106-48808E66B968}"
EndProject
Project("{FAE04EC0-301F-11D3-BF4B-00C04F79EFBC}") = "Coding.ShortUrlService", "Coding.ShortUrlService\Coding.ShortUrlService.csproj", "{74085945-E988-4544-A0A6-2773BD76300B}"
EndProject
Project("{FAE04EC0-301F-11D3-BF4B-00C04F79EFBC}") = "Coding.Karat", "Coding.Karat\Coding.Karat.csproj", "{687CA7CC-42C1-4A43-AA03-9893AA3F1634}"
EndProject
Project("{FAE04EC0-301F-11D3-BF4B-00C04F79EFBC}") = "Coding.CodeDesignTask", "Coding.CodeDesignTask\Coding.CodeDesignTask.csproj", "{A771B19B-EC19-4601-97C4-D9597BF65963}"
EndProject
Project("{FAE04EC0-301F-11D3-BF4B-00C04F79EFBC}") = "Coding.Practice", "Coding.Practice\Coding.Practice.csproj", "{729E976D-E4EB-4A3C-A393-C1D278336316}"
EndProject
Project("{FAE04EC0-301F-11D3-BF4B-00C04F79EFBC}") = "Coding.DSA", "Coding.DSA\Coding.DSA.csproj", "{9AB0113F-7E67-4A65-A519-FF55F73779FA}"
EndProject
Project("{FAE04EC0-301F-11D3-BF4B-00C04F79EFBC}") = "Coding.DataStructure", "Coding.DataStructure\Coding.DataStructure.csproj", "{09E5EE73-69A6-484A-A28F-67EE647D6620}"
EndProject
Global
	GlobalSection(SolutionConfigurationPlatforms) = preSolution
		Debug|Any CPU = Debug|Any CPU
		Release|Any CPU = Release|Any CPU
	EndGlobalSection
	GlobalSection(ProjectConfigurationPlatforms) = postSolution
		{FF500091-4205-40BA-A106-48808E66B968}.Debug|Any CPU.ActiveCfg = Debug|Any CPU
		{FF500091-4205-40BA-A106-48808E66B968}.Debug|Any CPU.Build.0 = Debug|Any CPU
		{FF500091-4205-40BA-A106-48808E66B968}.Release|Any CPU.ActiveCfg = Release|Any CPU
		{FF500091-4205-40BA-A106-48808E66B968}.Release|Any CPU.Build.0 = Release|Any CPU
		{74085945-E988-4544-A0A6-2773BD76300B}.Debug|Any CPU.ActiveCfg = Debug|Any CPU
		{74085945-E988-4544-A0A6-2773BD76300B}.Debug|Any CPU.Build.0 = Debug|Any CPU
		{74085945-E988-4544-A0A6-2773BD76300B}.Release|Any CPU.ActiveCfg = Release|Any CPU
		{74085945-E988-4544-A0A6-2773BD76300B}.Release|Any CPU.Build.0 = Release|Any CPU
		{687CA7CC-42C1-4A43-AA03-9893AA3F1634}.Debug|Any CPU.ActiveCfg = Debug|Any CPU
		{687CA7CC-42C1-4A43-AA03-9893AA3F1634}.Debug|Any CPU.Build.0 = Debug|Any CPU
		{687CA7CC-42C1-4A43-AA03-9893AA3F1634}.Release|Any CPU.ActiveCfg = Release|Any CPU
		{687CA7CC-42C1-4A43-AA03-9893AA3F1634}.Release|Any CPU.Build.0 = Release|Any CPU
		{A771B19B-EC19-4601-97C4-D9597BF65963}.Debug|Any CPU.ActiveCfg = Debug|Any CPU
		{A771B19B-EC19-4601-97C4-D9597BF65963}.Debug|Any CPU.Build.0 = Debug|Any CPU
		{A771B19B-EC19-4601-97C4-D9597BF65963}.Release|Any CPU.ActiveCfg = Release|Any CPU
		{A771B19B-EC19-4601-97C4-D9597BF65963}.Release|Any CPU.Build.0 = Release|Any CPU
		{729E976D-E4EB-4A3C-A393-C1D278336316}.Debug|Any CPU.ActiveCfg = Debug|Any CPU
		{729E976D-E4EB-4A3C-A393-C1D278336316}.Debug|Any CPU.Build.0 = Debug|Any CPU
		{729E976D-E4EB-4A3C-A393-C1D278336316}.Release|Any CPU.ActiveCfg = Release|Any CPU
		{729E976D-E4EB-4A3C-A393-C1D278336316}.Release|Any CPU.Build.0 = Release|Any CPU
		{9AB0113F-7E67-4A65-A519-FF55F73779FA}.Debug|Any CPU.ActiveCfg = Debug|Any CPU
		{9AB0113F-7E67-4A65-A519-FF55F73779FA}.Debug|Any CPU.Build.0 = Debug|Any CPU
		{9AB0113F-7E67-4A65-A519-FF55F73779FA}.Release|Any CPU.ActiveCfg = Release|Any CPU
		{9AB0113F-7E67-4A65-A519-FF55F73779FA}.Release|Any CPU.Build.0 = Release|Any CPU
		{09E5EE73-69A6-484A-A28F-67EE647D6620}.Debug|Any CPU.ActiveCfg = Debug|Any CPU
		{09E5EE73-69A6-484A-A28F-67EE647D6620}.Debug|Any CPU.Build.0 = Debug|Any CPU
		{09E5EE73-69A6-484A-A28F-67EE647D6620}.Release|Any CPU.ActiveCfg = Release|Any CPU
		{09E5EE73-69A6-484A-A28F-67EE647D6620}.Release|Any CPU.Build.0 = Release|Any CPU
	EndGlobalSection
EndGlobal
